{
  "name": "advanced-load-tester",
  "version": "1.0.0",
  "lockfileVersion": 3,
  "requires": true,
  "packages": {
    "": {
      "name": "advanced-load-tester",
      "version": "1.0.0",
      "license": "MIT",
      "dependencies": {
        "commander": "^11.1.0",
        "hpack": "*",
        "tunnel": "^0.0.6"
      },
      "bin": {
        "loadtester": "loadtester.js"
      },
      "engines": {
        "node": ">=14.0.0"
      }
    },
    "node_modules/commander": {
      "version": "11.1.0",
      "resolved": "https://registry.npmjs.org/commander/-/commander-11.1.0.tgz",
      "integrity": "sha512-yPVavfyCcRhmorC7rWlkHn15b4wDVgVmBA7kV4QVBsF7kv/9TKJAbAXVTxvTnwP8HHKjRCJDClKbciiYS7p0DQ==",
      "license": "MIT",
      "engines": {
        "node": ">=16"
      }
    },
    "node_modules/hpack": {
      "version": "1.0.0",
      "resolved": "https://registry.npmjs.org/hpack/-/hpack-1.0.0.tgz",
      "integrity": "sha512-em/r9erFKtDnTxS+S2+tEUDn3uUM75DC+QnUkYyBEyfCKQAdDsPrEt1T5V0/knrcue1ukxU74/JaVMkJ7CdeNg==",
      "license": "MIT"
    },
    "node_modules/tunnel": {
      "version": "0.0.6",
      "resolved": "https://registry.npmjs.org/tunnel/-/tunnel-0.0.6.tgz",
      "integrity": "sha512-1h/Lnq9yajKY2PEbBadPXj3VxsDDu844OnaAo52UVmIzIvwwtBPIuNvkjuzBlTWpfJyUbG3ez0KSBibQkj4ojg==",
      "license": "MIT",
      "engines": {
        "node": ">=0.6.11 <=0.7.0 || >=0.7.3"
      }
    }
  }
}
